
Microsoft Visual Studio Solution File, Format Version 12.00
# Visual Studio 15
VisualStudioVersion = 15.0.28307.1267
MinimumVisualStudioVersion = 10.0.40219.1
Project("{FAE04EC0-301F-11D3-BF4B-00C04F79EFBC}") = "TeachingMaterial", "TeachingMaterial.csproj", "{E4D9A190-07C3-41EA-BE6B-F7CDD242855A}"
EndProject
Global
	GlobalSection(SolutionConfigurationPlatforms) = preSolution
		Debug|Any CPU = Debug|Any CPU
		Release|Any CPU = Release|Any CPU
	EndGlobalSection
	GlobalSection(ProjectConfigurationPlatforms) = postSolution
		{E4D9A190-07C3-41EA-BE6B-F7CDD242855A}.Debug|Any CPU.ActiveCfg = Debug|Any CPU
		{E4D9A190-07C3-41EA-BE6B-F7CDD242855A}.Debug|Any CPU.Build.0 = Debug|Any CPU
		{E4D9A190-07C3-41EA-BE6B-F7CDD242855A}.Release|Any CPU.ActiveCfg = Release|Any CPU
		{E4D9A190-07C3-41EA-BE6B-F7CDD242855A}.Release|Any CPU.Build.0 = Release|Any CPU
	EndGlobalSection
	GlobalSection(SolutionProperties) = preSolution
		HideSolutionNode = FALSE
	EndGlobalSection
	GlobalSection(ExtensibilityGlobals) = postSolution
		SolutionGuid = {0C6C9A37-EBFB-458C-94EC-A3A9769170E8}
	EndGlobalSection
EndGlobal
